{
  "nodes": {
    "home-manager": {
      "inputs": {
        "nixpkgs": [
          "nixpkgs"
        ]
      },
      "locked": {
        "lastModified": 1687871164,
        "narHash": "sha256-bBFlPthuYX322xOlpJvkjUBz0C+MOBjZdDOOJJ+G2jU=",
        "owner": "nix-community",
        "repo": "home-manager",
        "rev": "07c347bb50994691d7b0095f45ebd8838cf6bc38",
        "type": "github"
      },
      "original": {
        "owner": "nix-community",
        "ref": "release-23.05",
        "repo": "home-manager",
        "type": "github"
      }
    },
    "nixpkgs": {
      "locked": {
        "lastModified": 1688506257,
        "narHash": "sha256-kOaRR8HprRzwUVRC9i0Om8afBoXcuwRjsz2oevsedjM=",
        "owner": "majiru",
        "repo": "nixpkgs",
        "rev": "f56847542818df9205e2d8b74f605598e44d44e9",
        "type": "github"
      },
      "original": {
        "owner": "majiru",
        "ref": "nixos-23.05",
        "repo": "nixpkgs",
        "type": "github"
      }
    },
    "root": {
      "inputs": {
        "home-manager": "home-manager",
        "nixpkgs": "nixpkgs",
        "vacme-vim": "vacme-vim"
      }
    },
    "vacme-vim": {
      "flake": false,
      "locked": {
        "lastModified": 1484451883,
        "narHash": "sha256-eea0Ntr3gCmF6iZ0adZaVswWH70K9IJZ4SAyVSdFp3E=",
        "owner": "olivertaylor",
        "repo": "vacme",
        "rev": "2f0b284b5bc1c9dd5b7f0b89ac880959e61b0be4",
        "type": "github"
      },
      "original": {
        "owner": "olivertaylor",
        "repo": "vacme",
        "type": "github"
      }
    }
  },
  "root": "root",
  "version": 7
}
