{
  "nodes": {
    "gameover": {
      "inputs": {
        "nixpkgs": [
          "nixpkgs"
        ],
        "pokecrystal": "pokecrystal",
        "pokered": "pokered",
        "utils": "utils"
      },
      "locked": {
        "lastModified": 1689128202,
        "narHash": "sha256-8UGwnGzgAVwinuNR4zPDAYTK+8I4bG6P6nhRIx9yZvo=",
        "owner": "~moody",
        "repo": "gameover",
        "rev": "bd5c6bb18be23222c90fe3dc7c5aa376850e76e9",
        "type": "sourcehut"
      },
      "original": {
        "owner": "~moody",
        "repo": "gameover",
        "type": "sourcehut"
      }
    },
    "home-manager": {
      "inputs": {
        "nixpkgs": [
          "nixpkgs"
        ]
      },
      "locked": {
        "lastModified": 1687871164,
        "narHash": "sha256-bBFlPthuYX322xOlpJvkjUBz0C+MOBjZdDOOJJ+G2jU=",
        "owner": "nix-community",
        "repo": "home-manager",
        "rev": "07c347bb50994691d7b0095f45ebd8838cf6bc38",
        "type": "github"
      },
      "original": {
        "owner": "nix-community",
        "ref": "release-23.05",
        "repo": "home-manager",
        "type": "github"
      }
    },
    "nixpkgs": {
      "locked": {
        "lastModified": 1688930220,
        "narHash": "sha256-+NCGv5V9c4BrQM10ieK6qFRXTvGHEtz9Swy9NN0ukPs=",
        "owner": "majiru",
        "repo": "nixpkgs",
        "rev": "19b61e43a383d22ca0587933b09a15744077f34f",
        "type": "github"
      },
      "original": {
        "owner": "majiru",
        "ref": "nixos-23.05",
        "repo": "nixpkgs",
        "type": "github"
      }
    },
    "pokecrystal": {
      "flake": false,
      "locked": {
        "lastModified": 1687464943,
        "narHash": "sha256-pzGYWz/GhHWZDx2jFE3w11kCp00jd7QPbWa5T9iLE4Y=",
        "owner": "pret",
        "repo": "pokecrystal",
        "rev": "31c55dc74d4d771c805fdf4e7994daaa17f65b5c",
        "type": "github"
      },
      "original": {
        "owner": "pret",
        "repo": "pokecrystal",
        "type": "github"
      }
    },
    "pokered": {
      "flake": false,
      "locked": {
        "lastModified": 1683730185,
        "narHash": "sha256-MUAxReOXWQR64Xy/RwqcJc/kKPfUIuqGeaVHSdHwxIk=",
        "owner": "pret",
        "repo": "pokered",
        "rev": "d3128b9a7ffab9d4d9b615acf9527ee2f1744749",
        "type": "github"
      },
      "original": {
        "owner": "pret",
        "repo": "pokered",
        "type": "github"
      }
    },
    "root": {
      "inputs": {
        "gameover": "gameover",
        "home-manager": "home-manager",
        "nixpkgs": "nixpkgs",
        "vacme-vim": "vacme-vim"
      }
    },
    "systems": {
      "locked": {
        "lastModified": 1681028828,
        "narHash": "sha256-Vy1rq5AaRuLzOxct8nz4T6wlgyUR7zLU309k9mBC768=",
        "owner": "nix-systems",
        "repo": "default",
        "rev": "da67096a3b9bf56a91d16901293e51ba5b49a27e",
        "type": "github"
      },
      "original": {
        "owner": "nix-systems",
        "repo": "default",
        "type": "github"
      }
    },
    "utils": {
      "inputs": {
        "systems": "systems"
      },
      "locked": {
        "lastModified": 1689068808,
        "narHash": "sha256-6ixXo3wt24N/melDWjq70UuHQLxGV8jZvooRanIHXw0=",
        "owner": "numtide",
        "repo": "flake-utils",
        "rev": "919d646de7be200f3bf08cb76ae1f09402b6f9b4",
        "type": "github"
      },
      "original": {
        "id": "flake-utils",
        "type": "indirect"
      }
    },
    "vacme-vim": {
      "flake": false,
      "locked": {
        "lastModified": 1484451883,
        "narHash": "sha256-eea0Ntr3gCmF6iZ0adZaVswWH70K9IJZ4SAyVSdFp3E=",
        "owner": "olivertaylor",
        "repo": "vacme",
        "rev": "2f0b284b5bc1c9dd5b7f0b89ac880959e61b0be4",
        "type": "github"
      },
      "original": {
        "owner": "olivertaylor",
        "repo": "vacme",
        "type": "github"
      }
    }
  },
  "root": "root",
  "version": 7
}
