{
  "nodes": {
    "gameover": {
      "inputs": {
        "nixpkgs": [
          "nixpkgs"
        ],
        "utils": "utils"
      },
      "locked": {
        "lastModified": 1693058235,
        "narHash": "sha256-Y8JGoEg8fyG1Z0hKN9yvW407EJpsCPSsaTPstdeSVGs=",
        "owner": "~moody",
        "repo": "gameover",
        "rev": "cbc3e430134825286483b4fee3be2778b762a858",
        "type": "sourcehut"
      },
      "original": {
        "owner": "~moody",
        "repo": "gameover",
        "type": "sourcehut"
      }
    },
    "home-manager": {
      "inputs": {
        "nixpkgs": [
          "nixpkgs"
        ]
      },
      "locked": {
        "lastModified": 1700553346,
        "narHash": "sha256-kW7uWsCv/lxuA824Ng6EYD9hlVYRyjuFn0xBbYltAeQ=",
        "owner": "nix-community",
        "repo": "home-manager",
        "rev": "1aabb0a31b25ad83cfaa37c3fe29053417cd9a0f",
        "type": "github"
      },
      "original": {
        "owner": "nix-community",
        "repo": "home-manager",
        "type": "github"
      }
    },
    "nixpkgs": {
      "locked": {
        "lastModified": 1700538105,
        "narHash": "sha256-uZhOCmwv8VupEmPZm3erbr9XXmyg7K67Ul3+Rx2XMe0=",
        "owner": "NixOS",
        "repo": "nixpkgs",
        "rev": "51a01a7e5515b469886c120e38db325c96694c2f",
        "type": "github"
      },
      "original": {
        "id": "nixpkgs",
        "type": "indirect"
      }
    },
    "root": {
      "inputs": {
        "gameover": "gameover",
        "home-manager": "home-manager",
        "nixpkgs": "nixpkgs",
        "vacme-vim": "vacme-vim"
      }
    },
    "systems": {
      "locked": {
        "lastModified": 1681028828,
        "narHash": "sha256-Vy1rq5AaRuLzOxct8nz4T6wlgyUR7zLU309k9mBC768=",
        "owner": "nix-systems",
        "repo": "default",
        "rev": "da67096a3b9bf56a91d16901293e51ba5b49a27e",
        "type": "github"
      },
      "original": {
        "owner": "nix-systems",
        "repo": "default",
        "type": "github"
      }
    },
    "utils": {
      "inputs": {
        "systems": "systems"
      },
      "locked": {
        "lastModified": 1689068808,
        "narHash": "sha256-6ixXo3wt24N/melDWjq70UuHQLxGV8jZvooRanIHXw0=",
        "owner": "numtide",
        "repo": "flake-utils",
        "rev": "919d646de7be200f3bf08cb76ae1f09402b6f9b4",
        "type": "github"
      },
      "original": {
        "id": "flake-utils",
        "type": "indirect"
      }
    },
    "vacme-vim": {
      "flake": false,
      "locked": {
        "lastModified": 1484451883,
        "narHash": "sha256-eea0Ntr3gCmF6iZ0adZaVswWH70K9IJZ4SAyVSdFp3E=",
        "owner": "olivertaylor",
        "repo": "vacme",
        "rev": "2f0b284b5bc1c9dd5b7f0b89ac880959e61b0be4",
        "type": "github"
      },
      "original": {
        "owner": "olivertaylor",
        "repo": "vacme",
        "type": "github"
      }
    }
  },
  "root": "root",
  "version": 7
}
